
Microsoft Visual Studio Solution File, Format Version 12.00
# Visual Studio Version 16
VisualStudioVersion = 16.0.32126.315
MinimumVisualStudioVersion = 10.0.40219.1
Project("{FAE04EC0-301F-11D3-BF4B-00C04F79EFBC}") = "StardewVallewApi", "StardewVallewApi\StardewVallewApi.csproj", "{68066F78-8735-4382-8F6F-037F1A4D7534}"
EndProject
Global
	GlobalSection(SolutionConfigurationPlatforms) = preSolution
		Debug|Any CPU = Debug|Any CPU
		Release|Any CPU = Release|Any CPU
	EndGlobalSection
	GlobalSection(ProjectConfigurationPlatforms) = postSolution
		{68066F78-8735-4382-8F6F-037F1A4D7534}.Debug|Any CPU.ActiveCfg = Debug|Any CPU
		{68066F78-8735-4382-8F6F-037F1A4D7534}.Debug|Any CPU.Build.0 = Debug|Any CPU
		{68066F78-8735-4382-8F6F-037F1A4D7534}.Release|Any CPU.ActiveCfg = Release|Any CPU
		{68066F78-8735-4382-8F6F-037F1A4D7534}.Release|Any CPU.Build.0 = Release|Any CPU
	EndGlobalSection
	GlobalSection(SolutionProperties) = preSolution
		HideSolutionNode = FALSE
	EndGlobalSection
	GlobalSection(ExtensibilityGlobals) = postSolution
		SolutionGuid = {94C94D0E-CF11-4418-9263-60CD1E43E905}
	EndGlobalSection
EndGlobal
